{
  "name": "github-actions-test",
  "version": "1.0.0",
  "lockfileVersion": 3,
  "requires": true,
  "packages": {
    "": {
      "name": "github-actions-test",
      "version": "1.0.0",
      "license": "ISC",
      "devDependencies": {
        "rimraf": "^4.0.1"
      }
    },
    "node_modules/rimraf": {
      "version": "4.0.1",
      "resolved": "https://registry.npmjs.org/rimraf/-/rimraf-4.0.1.tgz",
      "integrity": "sha512-qwvb/Wzf8XJxdv8InnDtmijfbIk6gk576swPeogHbUh7AT4ezF42lvhXUdbIzMYrO4HbaXi1rYGhKTDyPF1AJw==",
      "deprecated": "Please upgrade to 4.3.1 or higher to fix a potentially damaging issue regarding symbolic link following. See https://github.com/isaacs/rimraf/issues/259 for details.",
      "dev": true,
      "bin": {
        "rimraf": "dist/cjs/src/bin.js"
      },
      "engines": {
        "node": ">=14"
      },
      "funding": {
        "url": "https://github.com/sponsors/isaacs"
      }
    }
  }
}
