{
  "name": "github-actions-test",
  "version": "1.0.0",
  "lockfileVersion": 3,
  "requires": true,
  "packages": {
    "": {
      "name": "github-actions-test",
      "version": "1.0.0",
      "license": "ISC",
      "devDependencies": {
        "rimraf": "^4.0.2"
      }
    },
    "node_modules/rimraf": {
      "version": "4.0.2",
      "resolved": "https://registry.npmjs.org/rimraf/-/rimraf-4.0.2.tgz",
      "integrity": "sha512-WrOGeOIPqDLQZw+fBlciqu/yajcfNYeI1tERmCNMJ14VLBiKq1Ud3xSfPD+nqA8kYRcEr39HZeBuxHYEqvoRyw==",
      "deprecated": "Please upgrade to 4.3.1 or higher to fix a potentially damaging issue regarding symbolic link following. See https://github.com/isaacs/rimraf/issues/259 for details.",
      "dev": true,
      "bin": {
        "rimraf": "dist/cjs/src/bin.js"
      },
      "engines": {
        "node": ">=14"
      },
      "funding": {
        "url": "https://github.com/sponsors/isaacs"
      }
    }
  }
}
